{
  "name": "sca-auth-ui",
  "version": "1.0.0",
  "lockfileVersion": 1,
  "requires": true,
  "dependencies": {
    "angular": {
      "version": "1.6.10",
      "resolved": "https://registry.npmjs.org/angular/-/angular-1.6.10.tgz",
      "integrity": "sha512-PCZ5/hVdvPQiYyH0VwsPjrErPHRcITnaXxhksceOXgtJeesKHLA7KDu4X/yvcAi+1zdGgGF+9pDxkJvghXI9Wg=="
    },
    "angular-animate": {
      "version": "1.6.10",
      "resolved": "https://registry.npmjs.org/angular-animate/-/angular-animate-1.6.10.tgz",
      "integrity": "sha512-RU9ZJbTspq0W0x675H5k1DeSgKbAFfp2aiYoNGdlD+wQNKvwwMR5ho+EkDKkx9zE02a5goe8Z6EhhYPQSff9dA=="
    },
    "angular-bootstrap": {
      "version": "0.12.2",
      "resolved": "https://registry.npmjs.org/angular-bootstrap/-/angular-bootstrap-0.12.2.tgz",
      "integrity": "sha1-3pkAp9sIen6dpHMEqcL3f5wGmCc="
    },
    "angular-cookies": {
      "version": "1.6.10",
      "resolved": "https://registry.npmjs.org/angular-cookies/-/angular-cookies-1.6.10.tgz",
      "integrity": "sha512-ADfbqXLhwcaecAiWIaxpl8XWFJgWsrDl/ksSEkYm5dSoXHYlj3HKlAhPbjBv/foYS7pdI0apmSGHWrBPqdjF/g=="
    },
    "angular-gravatar": {
      "version": "0.4.2",
      "resolved": "https://registry.npmjs.org/angular-gravatar/-/angular-gravatar-0.4.2.tgz",
      "integrity": "sha1-kfChhgCx4WuTjZR0dKiJBTrDP5c=",
      "requires": {
        "angular": "^1.2.5"
      }
    },
    "angular-jwt": {
      "version": "0.1.9",
      "resolved": "https://registry.npmjs.org/angular-jwt/-/angular-jwt-0.1.9.tgz",
      "integrity": "sha1-24vPGPBapXMgrC/aFh1+liLAmcM="
    },
    "angular-loading-bar": {
      "version": "0.9.0",
      "resolved": "https://registry.npmjs.org/angular-loading-bar/-/angular-loading-bar-0.9.0.tgz",
      "integrity": "sha1-N+9Swl8QLCFuezzf0vxaXflijkU="
    },
    "angular-route": {
      "version": "1.6.10",
      "resolved": "https://registry.npmjs.org/angular-route/-/angular-route-1.6.10.tgz",
      "integrity": "sha512-BxjrjQNCbVqQKyB3nHjNI8zSUwhnQWFZnSBv5BZ336VbMKhWu74ad5xpFx5VMk6WyHlmMGDoRagzB6AKkRcvKA=="
    },
    "angular-sanitize": {
      "version": "1.6.10",
      "resolved": "https://registry.npmjs.org/angular-sanitize/-/angular-sanitize-1.6.10.tgz",
      "integrity": "sha512-01i1Xoq9ykUrsoYQMSB6dWZmPp9Df5hfCqMAGGzJBWZ7L2WY0OtUphdI0YvR8ZF9lAsWtGNtsEFilObjq5nTgQ=="
    },
    "angular-ui-select": {
      "version": "0.12.100",
      "resolved": "https://registry.npmjs.org/angular-ui-select/-/angular-ui-select-0.12.100.tgz",
      "integrity": "sha1-g8uGnsr3o91ARjvKGOr+DYThuco="
    },
    "angularjs-toaster": {
      "version": "2.2.0",
      "resolved": "https://registry.npmjs.org/angularjs-toaster/-/angularjs-toaster-2.2.0.tgz",
      "integrity": "sha1-6WnV/HOSo8HYi6iA9xGn2Jpd9V8="
    },
    "bootstrap": {
      "version": "3.3.7",
      "resolved": "https://registry.npmjs.org/bootstrap/-/bootstrap-3.3.7.tgz",
      "integrity": "sha1-WjiTlFSfIzMIdaOxUGVldPip63E="
    },
    "bootswatch": {
      "version": "3.3.7",
      "resolved": "https://registry.npmjs.org/bootswatch/-/bootswatch-3.3.7.tgz",
      "integrity": "sha1-62+amoUjuHpwbqkd7sPg1+qoqx8="
    },
    "font-awesome": {
      "version": "4.7.0",
      "resolved": "https://registry.npmjs.org/font-awesome/-/font-awesome-4.7.0.tgz",
      "integrity": "sha1-j6jPBBGhoxr9B7BtKQK7n8gVoTM="
    },
    "jquery": {
      "version": "3.3.1",
      "resolved": "https://registry.npmjs.org/jquery/-/jquery-3.3.1.tgz",
      "integrity": "sha512-Ubldcmxp5np52/ENotGxlLe6aGMvmF4R8S6tZjsP6Knsaxd/xp3Zrh50cG93lR6nPXyUFwzN3ZSOQI0wRJNdGg=="
    },
    "sca-shared": {
      "version": "0.0.11",
      "resolved": "https://registry.npmjs.org/sca-shared/-/sca-shared-0.0.11.tgz",
      "integrity": "sha1-/edXepFYP1PalN9IuROmsiK+fP8="
    },
    "ui-select": {
      "version": "0.19.8",
      "resolved": "https://registry.npmjs.org/ui-select/-/ui-select-0.19.8.tgz",
      "integrity": "sha1-dIYISKf9i8SU2YVtL2J3bqmGN8E="
    },
    "zxcvbn": {
      "version": "4.4.2",
      "resolved": "https://registry.npmjs.org/zxcvbn/-/zxcvbn-4.4.2.tgz",
      "integrity": "sha1-KOwXzwl0PtyrBW3dixsGJizHPDA="
    }
  }
}
